{
  "nodes": {
    "NUR": {
      "locked": {
        "lastModified": 1655382113,
        "narHash": "sha256-1OU+cNTeg2NC1t8BErVJ+TFnc//LEXAt/KNy52oOIu0=",
        "owner": "nix-community",
        "repo": "NUR",
        "rev": "a2723b78d28167d247b18f3b5f28126fb936cc3e",
        "type": "github"
      },
      "original": {
        "owner": "nix-community",
        "repo": "NUR",
        "type": "github"
      }
    },
    "flake-utils": {
      "locked": {
        "lastModified": 1653893745,
        "narHash": "sha256-0jntwV3Z8//YwuOjzhV2sgJJPt+HY6KhU7VZUL0fKZQ=",
        "owner": "numtide",
        "repo": "flake-utils",
        "rev": "1ed9fb1935d260de5fe1c2f7ee0ebaae17ed2fa1",
        "type": "github"
      },
      "original": {
        "owner": "numtide",
        "repo": "flake-utils",
        "type": "github"
      }
    },
    "flake-utils_2": {
      "locked": {
        "lastModified": 1642700792,
        "narHash": "sha256-XqHrk7hFb+zBvRg6Ghl+AZDq03ov6OshJLiSWOoX5es=",
        "owner": "numtide",
        "repo": "flake-utils",
        "rev": "846b2ae0fc4cc943637d3d1def4454213e203cba",
        "type": "github"
      },
      "original": {
        "owner": "numtide",
        "repo": "flake-utils",
        "type": "github"
      }
    },
    "kapack": {
      "inputs": {
        "flake-utils": "flake-utils",
        "nixpkgs": [
          "nixpkgs"
        ],
        "nixpkgs2111": "nixpkgs2111"
      },
      "locked": {
        "lastModified": 1655382227,
        "narHash": "sha256-+dAFpwEBNPQMv3qONTjWn+5Cw/CcIdv39ROc2kxtcDs=",
        "owner": "oar-team",
        "repo": "nur-kapack",
        "rev": "f993e9cd60034a7889d45eb7a1f43335a8483f83",
        "type": "github"
      },
      "original": {
        "owner": "oar-team",
        "ref": "master",
        "repo": "nur-kapack",
        "type": "github"
      }
    },
    "nixpkgs": {
      "locked": {
        "lastModified": 1653936696,
        "narHash": "sha256-M6bJShji9AIDZ7Kh7CPwPBPb/T7RiVev2PAcOi4fxDQ=",
        "owner": "NixOS",
        "repo": "nixpkgs",
        "rev": "ce6aa13369b667ac2542593170993504932eb836",
        "type": "github"
      },
      "original": {
        "owner": "NixOS",
        "ref": "22.05",
        "repo": "nixpkgs",
        "type": "github"
      }
    },
    "nixpkgs2111": {
      "locked": {
        "lastModified": 1654807735,
        "narHash": "sha256-IiOjbptu1s07HTuyv2ONLrw/DcIUg3nX9MO1uEiUmP0=",
        "owner": "NixOS",
        "repo": "nixpkgs",
        "rev": "a7f0b0832f9da86d25089ea2b4cacdea64072d7f",
        "type": "github"
      },
      "original": {
        "owner": "NixOS",
        "ref": "nixos-21.11",
        "repo": "nixpkgs",
        "type": "github"
      }
    },
    "nxc": {
      "inputs": {
        "flake-utils": "flake-utils_2",
        "nixpkgs": [
          "nixpkgs"
        ]
      },
      "locked": {
        "lastModified": 1655371725,
        "narHash": "sha256-MEigugBwBFzp71JLRPEc9lDuJY/59C3v4MUZc3bd650=",
        "ref": "master",
        "rev": "47e028b7bb44b37bec34e6e0ec89b1d19167f609",
        "revCount": 351,
        "type": "git",
        "url": "https://gitlab.inria.fr/nixos-compose/nixos-compose.git"
      },
      "original": {
        "type": "git",
        "url": "https://gitlab.inria.fr/nixos-compose/nixos-compose.git"
      }
    },
    "root": {
      "inputs": {
        "NUR": "NUR",
        "kapack": "kapack",
        "nixpkgs": "nixpkgs",
        "nxc": "nxc"
      }
    }
  },
  "root": "root",
  "version": 7
}
